
Microsoft Visual Studio Solution File, Format Version 12.00
# Visual Studio Version 17
VisualStudioVersion = 17.2.32519.379
MinimumVisualStudioVersion = 10.0.40219.1
Project("{FAE04EC0-301F-11D3-BF4B-00C04F79EFBC}") = "WoodCarvingCamp", "WoodCarvingCamp\WoodCarvingCamp.csproj", "{866C757A-4092-4DB3-ABA7-25FC0C8FD363}"
EndProject
Project("{2150E333-8FDC-42A3-9474-1A3956D46DE8}") = "Data", "Data", "{75C46187-66A8-41EC-B3EC-854123154610}"
EndProject
Project("{FAE04EC0-301F-11D3-BF4B-00C04F79EFBC}") = "WoodCarvingCamp.Data", "WoodCarvingCamp.Data\WoodCarvingCamp.Data.csproj", "{11D33AD2-E6D1-437F-8D18-C4C011A538BC}"
EndProject
Project("{2150E333-8FDC-42A3-9474-1A3956D46DE8}") = "Web", "Web", "{FAEB2F12-AB87-47B4-B637-DE4DB166FF6C}"
EndProject
Project("{FAE04EC0-301F-11D3-BF4B-00C04F79EFBC}") = "WoodCarvingCamp.Data.Models", "WoodCarvingCamp.Data.Models\WoodCarvingCamp.Data.Models.csproj", "{F9BD27E4-FBEC-4E55-9F7F-4C31911B043B}"
EndProject
Global
	GlobalSection(SolutionConfigurationPlatforms) = preSolution
		Debug|Any CPU = Debug|Any CPU
		Release|Any CPU = Release|Any CPU
	EndGlobalSection
	GlobalSection(ProjectConfigurationPlatforms) = postSolution
		{866C757A-4092-4DB3-ABA7-25FC0C8FD363}.Debug|Any CPU.ActiveCfg = Debug|Any CPU
		{866C757A-4092-4DB3-ABA7-25FC0C8FD363}.Debug|Any CPU.Build.0 = Debug|Any CPU
		{866C757A-4092-4DB3-ABA7-25FC0C8FD363}.Release|Any CPU.ActiveCfg = Release|Any CPU
		{866C757A-4092-4DB3-ABA7-25FC0C8FD363}.Release|Any CPU.Build.0 = Release|Any CPU
		{11D33AD2-E6D1-437F-8D18-C4C011A538BC}.Debug|Any CPU.ActiveCfg = Debug|Any CPU
		{11D33AD2-E6D1-437F-8D18-C4C011A538BC}.Debug|Any CPU.Build.0 = Debug|Any CPU
		{11D33AD2-E6D1-437F-8D18-C4C011A538BC}.Release|Any CPU.ActiveCfg = Release|Any CPU
		{11D33AD2-E6D1-437F-8D18-C4C011A538BC}.Release|Any CPU.Build.0 = Release|Any CPU
		{F9BD27E4-FBEC-4E55-9F7F-4C31911B043B}.Debug|Any CPU.ActiveCfg = Debug|Any CPU
		{F9BD27E4-FBEC-4E55-9F7F-4C31911B043B}.Debug|Any CPU.Build.0 = Debug|Any CPU
		{F9BD27E4-FBEC-4E55-9F7F-4C31911B043B}.Release|Any CPU.ActiveCfg = Release|Any CPU
		{F9BD27E4-FBEC-4E55-9F7F-4C31911B043B}.Release|Any CPU.Build.0 = Release|Any CPU
	EndGlobalSection
	GlobalSection(SolutionProperties) = preSolution
		HideSolutionNode = FALSE
	EndGlobalSection
	GlobalSection(NestedProjects) = preSolution
		{866C757A-4092-4DB3-ABA7-25FC0C8FD363} = {FAEB2F12-AB87-47B4-B637-DE4DB166FF6C}
		{11D33AD2-E6D1-437F-8D18-C4C011A538BC} = {75C46187-66A8-41EC-B3EC-854123154610}
		{F9BD27E4-FBEC-4E55-9F7F-4C31911B043B} = {75C46187-66A8-41EC-B3EC-854123154610}
	EndGlobalSection
	GlobalSection(ExtensibilityGlobals) = postSolution
		SolutionGuid = {E3C07686-AE1A-4214-A310-2F6BF618171A}
	EndGlobalSection
EndGlobal
